
Microsoft Visual Studio Solution File, Format Version 12.00
# Visual Studio Version 17
VisualStudioVersion = 17.11.35327.3
MinimumVisualStudioVersion = 10.0.40219.1
Project("{9A19103F-16F7-4668-BE54-9A1E7A4F7556}") = "eAppointment.Domain", "eAppointment.Domain\eAppointment.Domain.csproj", "{F9FE266F-A610-40F3-922B-E17032F15C21}"
EndProject
Project("{FAE04EC0-301F-11D3-BF4B-00C04F79EFBC}") = "eAppointment.Application", "eAppointment.Application\eAppointment.Application.csproj", "{42133841-FB3B-4EEE-A33F-E856AEA12791}"
EndProject
Global
	GlobalSection(SolutionConfigurationPlatforms) = preSolution
		Debug|Any CPU = Debug|Any CPU
		Release|Any CPU = Release|Any CPU
	EndGlobalSection
	GlobalSection(ProjectConfigurationPlatforms) = postSolution
		{F9FE266F-A610-40F3-922B-E17032F15C21}.Debug|Any CPU.ActiveCfg = Debug|Any CPU
		{F9FE266F-A610-40F3-922B-E17032F15C21}.Debug|Any CPU.Build.0 = Debug|Any CPU
		{F9FE266F-A610-40F3-922B-E17032F15C21}.Release|Any CPU.ActiveCfg = Release|Any CPU
		{F9FE266F-A610-40F3-922B-E17032F15C21}.Release|Any CPU.Build.0 = Release|Any CPU
		{42133841-FB3B-4EEE-A33F-E856AEA12791}.Debug|Any CPU.ActiveCfg = Debug|Any CPU
		{42133841-FB3B-4EEE-A33F-E856AEA12791}.Debug|Any CPU.Build.0 = Debug|Any CPU
		{42133841-FB3B-4EEE-A33F-E856AEA12791}.Release|Any CPU.ActiveCfg = Release|Any CPU
		{42133841-FB3B-4EEE-A33F-E856AEA12791}.Release|Any CPU.Build.0 = Release|Any CPU
	EndGlobalSection
	GlobalSection(SolutionProperties) = preSolution
		HideSolutionNode = FALSE
	EndGlobalSection
	GlobalSection(ExtensibilityGlobals) = postSolution
		SolutionGuid = {2E89B2CD-48F4-4AF8-A263-311FE5F5639D}
	EndGlobalSection
EndGlobal
